{
    "_meta": {
        "hash": {
            "sha256": "c96acb37d5046e8766d0e57d5d781adf6bfa768d752fb4f7c40c1dba1a38001e"
        },
        "pipfile-spec": 6,
        "requires": {
            "python_version": "3.10"
        },
        "sources": [
            {
                "name": "pypi",
                "url": "https://pypi.org/simple",
                "verify_ssl": true
            }
        ]
    },
    "default": {
        "certifi": {
            "hashes": [
                "sha256:0d9c601124e5a6ba9712dbc60d9c53c21e34f5f641fe83002317394311bdce14",
                "sha256:90c1a32f1d68f940488354e36370f6cca89f0f106db09518524c88d6ed83f382"
            ],
            "markers": "python_version >= '3.6'",
            "version": "==2022.9.24"
        },
        "opensearch-dsl": {
            "hashes": [
                "sha256:8226381665073f110ef3d3a5027e625255df55d91d302044999c590b4d662539",
                "sha256:c233a9b6f35b401db3755dd3430e7a38b989433a50e7ceee2958521a9abf56a7"
            ],
            "index": "pypi",
            "version": "==2.0.1"
        },
        "opensearch-py": {
            "hashes": [
                "sha256:1b7b451a54557de72faad004de9d338f613db3f38a78e9230105cf9fd8a81c52",
                "sha256:a3e571555eda286c00facb2bff29bac3f776bdd48e8e44b56693a394e6b5199a"
            ],
            "markers": "python_version >= '2.7' and python_version not in '3.0, 3.1, 3.2, 3.3' and python_version < '4'",
            "version": "==2.0.0"
        },
        "python-dateutil": {
            "hashes": [
                "sha256:0123cacc1627ae19ddf3c27a5de5bd67ee4586fbdd6440d9748f8abb483d3e86",
                "sha256:961d03dc3453ebbc59dbdea9e4e11c5651520a876d0f4db161e8674aae935da9"
            ],
            "markers": "python_version >= '2.7' and python_version not in '3.0, 3.1, 3.2'",
            "version": "==2.8.2"
        },
        "requests": {
            "hashes": [
                "sha256:1cdbed1f0e236f35ef54e919982c7a338e4fea3786310933d3a7887a04b74d75",
                "sha256:fdb9af60d47ca57a80df0a213336019a34ff6192d8fff361c349f2c8398fe460"
            ],
            "index": "pypi",
            "version": "==2.6.0"
        },
        "six": {
            "hashes": [
                "sha256:1e61c37477a1626458e36f7b1d82aa5c9b094fa4802892072e49de9c60c4c926",
                "sha256:8abb2f1d86890a2dfb989f9a77cfcfd3e47c2a354b01111771326f8aa26e0254"
            ],
            "markers": "python_version >= '2.7' and python_version not in '3.0, 3.1, 3.2'",
            "version": "==1.16.0"
        },
        "urllib3": {
            "hashes": [
                "sha256:47cc05d99aaa09c9e72ed5809b60e7ba354e64b59c9c173ac3018642d8bb41fc",
                "sha256:c083dd0dce68dbfbe1129d5271cb90f9447dea7d52097c6e0126120c521ddea8"
            ],
            "markers": "python_version >= '2.7' and python_version not in '3.0, 3.1, 3.2, 3.3, 3.4, 3.5'",
            "version": "==1.26.13"
        }
    },
    "develop": {}
}
